// !$*UTF8*$!
{
	archiveVersion = 1;
	classes = {
	};
	objectVersion = 77;
	objects = {

/* Begin PBXContainerItemProxy section */
		07B4ECF32E36CA8E00BE09FB /* PBXContainerItemProxy */ = {
			isa = PBXContainerItemProxy;
			containerPortal = 07B4ECDD2E36CA8900BE09FB /* Project object */;
			proxyType = 1;
			remoteGlobalIDString = 07B4ECE42E36CA8900BE09FB;
			remoteInfo = Praticando;
		};
		07B4ECFD2E36CA8E00BE09FB /* PBXContainerItemProxy */ = {
			isa = PBXContainerItemProxy;
			containerPortal = 07B4ECDD2E36CA8900BE09FB /* Project object */;
			proxyType = 1;
			remoteGlobalIDString = 07B4ECE42E36CA8900BE09FB;
			remoteInfo = Praticando;
		};
/* End PBXContainerItemProxy section */

/* Begin PBXFileReference section */
		07B4ECE52E36CA8900BE09FB /* Praticando.app */ = {isa = PBXFileReference; explicitFileType = wrapper.application; includeInIndex = 0; path = Praticando.app; sourceTree = BUILT_PRODUCTS_DIR; };
		07B4ECF22E36CA8E00BE09FB /* PraticandoTests.xctest */ = {isa = PBXFileReference; explicitFileType = wrapper.cfbundle; includeInIndex = 0; path = PraticandoTests.xctest; sourceTree = BUILT_PRODUCTS_DIR; };
		07B4ECFC2E36CA8E00BE09FB /* PraticandoUITests.xctest */ = {isa = PBXFileReference; explicitFileType = wrapper.cfbundle; includeInIndex = 0; path = PraticandoUITests.xctest; sourceTree = BUILT_PRODUCTS_DIR; };
/* End PBXFileReference section */

/* Begin PBXFileSystemSynchronizedRootGroup section */
		07B4ECE72E36CA8900BE09FB /* Praticando */ = {
			isa = PBXFileSystemSynchronizedRootGroup;
			path = Praticando;
			sourceTree = "<group>";
		};
		07B4ECF52E36CA8E00BE09FB /* PraticandoTests */ = {
			isa = PBXFileSystemSynchronizedRootGroup;
			path = PraticandoTests;
			sourceTree = "<group>";
		};
		07B4ECFF2E36CA8E00BE09FB /* PraticandoUITests */ = {
			isa = PBXFileSystemSynchronizedRootGroup;
			path = PraticandoUITests;
			sourceTree = "<group>";
		};
/* End PBXFileSystemSynchronizedRootGroup section */

/* Begin PBXFrameworksBuildPhase section */
		07B4ECE22E36CA8900BE09FB /* Frameworks */ = {
			isa = PBXFrameworksBuildPhase;
			buildActionMask = 2147483647;
			files = (
			);
			runOnlyForDeploymentPostprocessing = 0;
		};
		07B4ECEF2E36CA8E00BE09FB /* Frameworks */ = {
			isa = PBXFrameworksBuildPhase;
			buildActionMask = 2147483647;
			files = (
			);
			runOnlyForDeploymentPostprocessing = 0;
		};
		07B4ECF92E36CA8E00BE09FB /* Frameworks */ = {
			isa = PBXFrameworksBuildPhase;
			buildActionMask = 2147483647;
			files = (
			);
			runOnlyForDeploymentPostprocessing = 0;
		};
/* End PBXFrameworksBuildPhase section */

/* Begin PBXGroup section */
		07B4ECDC2E36CA8900BE09FB = {
			isa = PBXGroup;
			children = (
				07B4ECE72E36CA8900BE09FB /* Praticando */,
				07B4ECF52E36CA8E00BE09FB /* PraticandoTests */,
				07B4ECFF2E36CA8E00BE09FB /* PraticandoUITests */,
				07B4ECE62E36CA8900BE09FB /* Products */,
			);
			sourceTree = "<group>";
		};
		07B4ECE62E36CA8900BE09FB /* Products */ = {
			isa = PBXGroup;
			children = (
				07B4ECE52E36CA8900BE09FB /* Praticando.app */,
				07B4ECF22E36CA8E00BE09FB /* PraticandoTests.xctest */,
				07B4ECFC2E36CA8E00BE09FB /* PraticandoUITests.xctest */,
			);
			name = Products;
			sourceTree = "<group>";
		};
/* End PBXGroup section */

/* Begin PBXNativeTarget section */
		07B4ECE42E36CA8900BE09FB /* Praticando */ = {
			isa = PBXNativeTarget;
			buildConfigurationList = 07B4ED062E36CA8E00BE09FB /* Build configuration list for PBXNativeTarget "Praticando" */;
			buildPhases = (
				07B4ECE12E36CA8900BE09FB /* Sources */,
				07B4ECE22E36CA8900BE09FB /* Frameworks */,
				07B4ECE32E36CA8900BE09FB /* Resources */,
			);
			buildRules = (
			);
			dependencies = (
			);
			fileSystemSynchronizedGroups = (
				07B4ECE72E36CA8900BE09FB /* Praticando */,
			);
			name = Praticando;
			packageProductDependencies = (
			);
			productName = Praticando;
			productReference = 07B4ECE52E36CA8900BE09FB /* Praticando.app */;
			productType = "com.apple.product-type.application";
		};
		07B4ECF12E36CA8E00BE09FB /* PraticandoTests */ = {
			isa = PBXNativeTarget;
			buildConfigurationList = 07B4ED092E36CA8E00BE09FB /* Build configuration list for PBXNativeTarget "PraticandoTests" */;
			buildPhases = (
				07B4ECEE2E36CA8E00BE09FB /* Sources */,
				07B4ECEF2E36CA8E00BE09FB /* Frameworks */,
				07B4ECF02E36CA8E00BE09FB /* Resources */,
			);
			buildRules = (
			);
			dependencies = (
				07B4ECF42E36CA8E00BE09FB /* PBXTargetDependency */,
			);
			fileSystemSynchronizedGroups = (
				07B4ECF52E36CA8E00BE09FB /* PraticandoTests */,
			);
			name = PraticandoTests;
			packageProductDependencies = (
			);
			productName = PraticandoTests;
			productReference = 07B4ECF22E36CA8E00BE09FB /* PraticandoTests.xctest */;
			productType = "com.apple.product-type.bundle.unit-test";
		};
		07B4ECFB2E36CA8E00BE09FB /* PraticandoUITests */ = {
			isa = PBXNativeTarget;
			buildConfigurationList = 07B4ED0C2E36CA8E00BE09FB /* Build configuration list for PBXNativeTarget "PraticandoUITests" */;
			buildPhases = (
				07B4ECF82E36CA8E00BE09FB /* Sources */,
				07B4ECF92E36CA8E00BE09FB /* Frameworks */,
				07B4ECFA2E36CA8E00BE09FB /* Resources */,
			);
			buildRules = (
			);
			dependencies = (
				07B4ECFE2E36CA8E00BE09FB /* PBXTargetDependency */,
			);
			fileSystemSynchronizedGroups = (
				07B4ECFF2E36CA8E00BE09FB /* PraticandoUITests */,
			);
			name = PraticandoUITests;
			packageProductDependencies = (
			);
			productName = PraticandoUITests;
			productReference = 07B4ECFC2E36CA8E00BE09FB /* PraticandoUITests.xctest */;
			productType = "com.apple.product-type.bundle.ui-testing";
		};
/* End PBXNativeTarget section */

/* Begin PBXProject section */
		07B4ECDD2E36CA8900BE09FB /* Project object */ = {
			isa = PBXProject;
			attributes = {
				BuildIndependentTargetsInParallel = 1;
				LastSwiftUpdateCheck = 1640;
				LastUpgradeCheck = 1640;
				TargetAttributes = {
					07B4ECE42E36CA8900BE09FB = {
						CreatedOnToolsVersion = 16.4;
					};
					07B4ECF12E36CA8E00BE09FB = {
						CreatedOnToolsVersion = 16.4;
						TestTargetID = 07B4ECE42E36CA8900BE09FB;
					};
					07B4ECFB2E36CA8E00BE09FB = {
						CreatedOnToolsVersion = 16.4;
						TestTargetID = 07B4ECE42E36CA8900BE09FB;
					};
				};
			};
			buildConfigurationList = 07B4ECE02E36CA8900BE09FB /* Build configuration list for PBXProject "Praticando" */;
			developmentRegion = en;
			hasScannedForEncodings = 0;
			knownRegions = (
				en,
				Base,
			);
			mainGroup = 07B4ECDC2E36CA8900BE09FB;
			minimizedProjectReferenceProxies = 1;
			preferredProjectObjectVersion = 77;
			productRefGroup = 07B4ECE62E36CA8900BE09FB /* Products */;
			projectDirPath = "";
			projectRoot = "";
			targets = (
				07B4ECE42E36CA8900BE09FB /* Praticando */,
				07B4ECF12E36CA8E00BE09FB /* PraticandoTests */,
				07B4ECFB2E36CA8E00BE09FB /* PraticandoUITests */,
			);
		};
/* End PBXProject section */

/* Begin PBXResourcesBuildPhase section */
		07B4ECE32E36CA8900BE09FB /* Resources */ = {
			isa = PBXResourcesBuildPhase;
			buildActionMask = 2147483647;
			files = (
			);
			runOnlyForDeploymentPostprocessing = 0;
		};
		07B4ECF02E36CA8E00BE09FB /* Resources */ = {
			isa = PBXResourcesBuildPhase;
			buildActionMask = 2147483647;
			files = (
			);
			runOnlyForDeploymentPostprocessing = 0;
		};
		07B4ECFA2E36CA8E00BE09FB /* Resources */ = {
			isa = PBXResourcesBuildPhase;
			buildActionMask = 2147483647;
			files = (
			);
			runOnlyForDeploymentPostprocessing = 0;
		};
/* End PBXResourcesBuildPhase section */

/* Begin PBXSourcesBuildPhase section */
		07B4ECE12E36CA8900BE09FB /* Sources */ = {
			isa = PBXSourcesBuildPhase;
			buildActionMask = 2147483647;
			files = (
			);
			runOnlyForDeploymentPostprocessing = 0;
		};
		07B4ECEE2E36CA8E00BE09FB /* Sources */ = {
			isa = PBXSourcesBuildPhase;
			buildActionMask = 2147483647;
			files = (
			);
			runOnlyForDeploymentPostprocessing = 0;
		};
		07B4ECF82E36CA8E00BE09FB /* Sources */ = {
			isa = PBXSourcesBuildPhase;
			buildActionMask = 2147483647;
			files = (
			);
			runOnlyForDeploymentPostprocessing = 0;
		};
/* End PBXSourcesBuildPhase section */

/* Begin PBXTargetDependency section */
		07B4ECF42E36CA8E00BE09FB /* PBXTargetDependency */ = {
			isa = PBXTargetDependency;
			target = 07B4ECE42E36CA8900BE09FB /* Praticando */;
			targetProxy = 07B4ECF32E36CA8E00BE09FB /* PBXContainerItemProxy */;
		};
		07B4ECFE2E36CA8E00BE09FB /* PBXTargetDependency */ = {
			isa = PBXTargetDependency;
			target = 07B4ECE42E36CA8900BE09FB /* Praticando */;
			targetProxy = 07B4ECFD2E36CA8E00BE09FB /* PBXContainerItemProxy */;
		};
/* End PBXTargetDependency section */

/* Begin XCBuildConfiguration section */
		07B4ED042E36CA8E00BE09FB /* Debug */ = {
			isa = XCBuildConfiguration;
			buildSettings = {
				ALWAYS_SEARCH_USER_PATHS = NO;
				ASSETCATALOG_COMPILER_GENERATE_SWIFT_ASSET_SYMBOL_EXTENSIONS = YES;
				CLANG_ANALYZER_NONNULL = YES;
				CLANG_ANALYZER_NUMBER_OBJECT_CONVERSION = YES_AGGRESSIVE;
				CLANG_CXX_LANGUAGE_STANDARD = "gnu++20";
				CLANG_ENABLE_MODULES = YES;
				CLANG_ENABLE_OBJC_ARC = YES;
				CLANG_ENABLE_OBJC_WEAK = YES;
				CLANG_WARN_BLOCK_CAPTURE_AUTORELEASING = YES;
				CLANG_WARN_BOOL_CONVERSION = YES;
				CLANG_WARN_COMMA = YES;
				CLANG_WARN_CONSTANT_CONVERSION = YES;
				CLANG_WARN_DEPRECATED_OBJC_IMPLEMENTATIONS = YES;
				CLANG_WARN_DIRECT_OBJC_ISA_USAGE = YES_ERROR;
				CLANG_WARN_DOCUMENTATION_COMMENTS = YES;
				CLANG_WARN_EMPTY_BODY = YES;
				CLANG_WARN_ENUM_CONVERSION = YES;
				CLANG_WARN_INFINITE_RECURSION = YES;
				CLANG_WARN_INT_CONVERSION = YES;
				CLANG_WARN_NON_LITERAL_NULL_CONVERSION = YES;
				CLANG_WARN_OBJC_IMPLICIT_RETAIN_SELF = YES;
				CLANG_WARN_OBJC_LITERAL_CONVERSION = YES;
				CLANG_WARN_OBJC_ROOT_CLASS = YES_ERROR;
				CLANG_WARN_QUOTED_INCLUDE_IN_FRAMEWORK_HEADER = YES;
				CLANG_WARN_RANGE_LOOP_ANALYSIS = YES;
				CLANG_WARN_STRICT_PROTOTYPES = YES;
				CLANG_WARN_SUSPICIOUS_MOVE = YES;
				CLANG_WARN_UNGUARDED_AVAILABILITY = YES_AGGRESSIVE;
				CLANG_WARN_UNREACHABLE_CODE = YES;
				CLANG_WARN__DUPLICATE_METHOD_MATCH = YES;
				COPY_PHASE_STRIP = NO;
				DEBUG_INFORMATION_FORMAT = dwarf;
				ENABLE_STRICT_OBJC_MSGSEND = YES;
				ENABLE_TESTABILITY = YES;
				ENABLE_USER_SCRIPT_SANDBOXING = YES;
				GCC_C_LANGUAGE_STANDARD = gnu17;
				GCC_DYNAMIC_NO_PIC = NO;
				GCC_NO_COMMON_BLOCKS = YES;
				GCC_OPTIMIZATION_LEVEL = 0;
				GCC_PREPROCESSOR_DEFINITIONS = (
					"DEBUG=1",
					"$(inherited)",
				);
				GCC_WARN_64_TO_32_BIT_CONVERSION = YES;
				GCC_WARN_ABOUT_RETURN_TYPE = YES_ERROR;
				GCC_WARN_UNDECLARED_SELECTOR = YES;
				GCC_WARN_UNINITIALIZED_AUTOS = YES_AGGRESSIVE;
				GCC_WARN_UNUSED_FUNCTION = YES;
				GCC_WARN_UNUSED_VARIABLE = YES;
				IPHONEOS_DEPLOYMENT_TARGET = 18.5;
				LOCALIZATION_PREFERS_STRING_CATALOGS = YES;
				MTL_ENABLE_DEBUG_INFO = INCLUDE_SOURCE;
				MTL_FAST_MATH = YES;
				ONLY_ACTIVE_ARCH = YES;
				SDKROOT = iphoneos;
				SWIFT_ACTIVE_COMPILATION_CONDITIONS = "DEBUG $(inherited)";
				SWIFT_OPTIMIZATION_LEVEL = "-Onone";
			};
			name = Debug;
		};
		07B4ED052E36CA8E00BE09FB /* Release */ = {
			isa = XCBuildConfiguration;
			buildSettings = {
				ALWAYS_SEARCH_USER_PATHS = NO;
				ASSETCATALOG_COMPILER_GENERATE_SWIFT_ASSET_SYMBOL_EXTENSIONS = YES;
				CLANG_ANALYZER_NONNULL = YES;
				CLANG_ANALYZER_NUMBER_OBJECT_CONVERSION = YES_AGGRESSIVE;
				CLANG_CXX_LANGUAGE_STANDARD = "gnu++20";
				CLANG_ENABLE_MODULES = YES;
				CLANG_ENABLE_OBJC_ARC = YES;
				CLANG_ENABLE_OBJC_WEAK = YES;
				CLANG_WARN_BLOCK_CAPTURE_AUTORELEASING = YES;
				CLANG_WARN_BOOL_CONVERSION = YES;
				CLANG_WARN_COMMA = YES;
				CLANG_WARN_CONSTANT_CONVERSION = YES;
				CLANG_WARN_DEPRECATED_OBJC_IMPLEMENTATIONS = YES;
				CLANG_WARN_DIRECT_OBJC_ISA_USAGE = YES_ERROR;
				CLANG_WARN_DOCUMENTATION_COMMENTS = YES;
				CLANG_WARN_EMPTY_BODY = YES;
				CLANG_WARN_ENUM_CONVERSION = YES;
				CLANG_WARN_INFINITE_RECURSION = YES;
				CLANG_WARN_INT_CONVERSION = YES;
				CLANG_WARN_NON_LITERAL_NULL_CONVERSION = YES;
				CLANG_WARN_OBJC_IMPLICIT_RETAIN_SELF = YES;
				CLANG_WARN_OBJC_LITERAL_CONVERSION = YES;
				CLANG_WARN_OBJC_ROOT_CLASS = YES_ERROR;
				CLANG_WARN_QUOTED_INCLUDE_IN_FRAMEWORK_HEADER = YES;
				CLANG_WARN_RANGE_LOOP_ANALYSIS = YES;
				CLANG_WARN_STRICT_PROTOTYPES = YES;
				CLANG_WARN_SUSPICIOUS_MOVE = YES;
				CLANG_WARN_UNGUARDED_AVAILABILITY = YES_AGGRESSIVE;
				CLANG_WARN_UNREACHABLE_CODE = YES;
				CLANG_WARN__DUPLICATE_METHOD_MATCH = YES;
				COPY_PHASE_STRIP = NO;
				DEBUG_INFORMATION_FORMAT = "dwarf-with-dsym";
				ENABLE_NS_ASSERTIONS = NO;
				ENABLE_STRICT_OBJC_MSGSEND = YES;
				ENABLE_USER_SCRIPT_SANDBOXING = YES;
				GCC_C_LANGUAGE_STANDARD = gnu17;
				GCC_NO_COMMON_BLOCKS = YES;
				GCC_WARN_64_TO_32_BIT_CONVERSION = YES;
				GCC_WARN_ABOUT_RETURN_TYPE = YES_ERROR;
				GCC_WARN_UNDECLARED_SELECTOR = YES;
				GCC_WARN_UNINITIALIZED_AUTOS = YES_AGGRESSIVE;
				GCC_WARN_UNUSED_FUNCTION = YES;
				GCC_WARN_UNUSED_VARIABLE = YES;
				IPHONEOS_DEPLOYMENT_TARGET = 18.5;
				LOCALIZATION_PREFERS_STRING_CATALOGS = YES;
				MTL_ENABLE_DEBUG_INFO = NO;
				MTL_FAST_MATH = YES;
				SDKROOT = iphoneos;
				SWIFT_COMPILATION_MODE = wholemodule;
				VALIDATE_PRODUCT = YES;
			};
			name = Release;
		};
		07B4ED072E36CA8E00BE09FB /* Debug */ = {
			isa = XCBuildConfiguration;
			buildSettings = {
				ASSETCATALOG_COMPILER_APPICON_NAME = AppIcon;
				ASSETCATALOG_COMPILER_GLOBAL_ACCENT_COLOR_NAME = AccentColor;
				CODE_SIGN_STYLE = Automatic;
				CURRENT_PROJECT_VERSION = 1;
				ENABLE_PREVIEWS = YES;
				GENERATE_INFOPLIST_FILE = YES;
				INFOPLIST_KEY_UIApplicationSceneManifest_Generation = YES;
				INFOPLIST_KEY_UIApplicationSupportsIndirectInputEvents = YES;
				INFOPLIST_KEY_UILaunchScreen_Generation = YES;
				INFOPLIST_KEY_UISupportedInterfaceOrientations_iPad = "UIInterfaceOrientationPortrait UIInterfaceOrientationPortraitUpsideDown UIInterfaceOrientationLandscapeLeft UIInterfaceOrientationLandscapeRight";
				INFOPLIST_KEY_UISupportedInterfaceOrientations_iPhone = "UIInterfaceOrientationPortrait UIInterfaceOrientationLandscapeLeft UIInterfaceOrientationLandscapeRight";
				LD_RUNPATH_SEARCH_PATHS = (
					"$(inherited)",
					"@executable_path/Frameworks",
				);
				MARKETING_VERSION = 1.0;
				PRODUCT_BUNDLE_IDENTIFIER = EricDenser.Praticando;
				PRODUCT_NAME = "$(TARGET_NAME)";
				SWIFT_EMIT_LOC_STRINGS = YES;
				SWIFT_VERSION = 5.0;
				TARGETED_DEVICE_FAMILY = "1,2";
			};
			name = Debug;
		};
		07B4ED082E36CA8E00BE09FB /* Release */ = {
			isa = XCBuildConfiguration;
			buildSettings = {
				ASSETCATALOG_COMPILER_APPICON_NAME = AppIcon;
				ASSETCATALOG_COMPILER_GLOBAL_ACCENT_COLOR_NAME = AccentColor;
				CODE_SIGN_STYLE = Automatic;
				CURRENT_PROJECT_VERSION = 1;
				ENABLE_PREVIEWS = YES;
				GENERATE_INFOPLIST_FILE = YES;
				INFOPLIST_KEY_UIApplicationSceneManifest_Generation = YES;
				INFOPLIST_KEY_UIApplicationSupportsIndirectInputEvents = YES;
				INFOPLIST_KEY_UILaunchScreen_Generation = YES;
				INFOPLIST_KEY_UISupportedInterfaceOrientations_iPad = "UIInterfaceOrientationPortrait UIInterfaceOrientationPortraitUpsideDown UIInterfaceOrientationLandscapeLeft UIInterfaceOrientationLandscapeRight";
				INFOPLIST_KEY_UISupportedInterfaceOrientations_iPhone = "UIInterfaceOrientationPortrait UIInterfaceOrientationLandscapeLeft UIInterfaceOrientationLandscapeRight";
				LD_RUNPATH_SEARCH_PATHS = (
					"$(inherited)",
					"@executable_path/Frameworks",
				);
				MARKETING_VERSION = 1.0;
				PRODUCT_BUNDLE_IDENTIFIER = EricDenser.Praticando;
				PRODUCT_NAME = "$(TARGET_NAME)";
				SWIFT_EMIT_LOC_STRINGS = YES;
				SWIFT_VERSION = 5.0;
				TARGETED_DEVICE_FAMILY = "1,2";
			};
			name = Release;
		};
		07B4ED0A2E36CA8E00BE09FB /* Debug */ = {
			isa = XCBuildConfiguration;
			buildSettings = {
				BUNDLE_LOADER = "$(TEST_HOST)";
				CODE_SIGN_STYLE = Automatic;
				CURRENT_PROJECT_VERSION = 1;
				GENERATE_INFOPLIST_FILE = YES;
				IPHONEOS_DEPLOYMENT_TARGET = 18.5;
				MARKETING_VERSION = 1.0;
				PRODUCT_BUNDLE_IDENTIFIER = EricDenser.PraticandoTests;
				PRODUCT_NAME = "$(TARGET_NAME)";
				SWIFT_EMIT_LOC_STRINGS = NO;
				SWIFT_VERSION = 5.0;
				TARGETED_DEVICE_FAMILY = "1,2";
				TEST_HOST = "$(BUILT_PRODUCTS_DIR)/Praticando.app/$(BUNDLE_EXECUTABLE_FOLDER_PATH)/Praticando";
			};
			name = Debug;
		};
		07B4ED0B2E36CA8E00BE09FB /* Release */ = {
			isa = XCBuildConfiguration;
			buildSettings = {
				BUNDLE_LOADER = "$(TEST_HOST)";
				CODE_SIGN_STYLE = Automatic;
				CURRENT_PROJECT_VERSION = 1;
				GENERATE_INFOPLIST_FILE = YES;
				IPHONEOS_DEPLOYMENT_TARGET = 18.5;
				MARKETING_VERSION = 1.0;
				PRODUCT_BUNDLE_IDENTIFIER = EricDenser.PraticandoTests;
				PRODUCT_NAME = "$(TARGET_NAME)";
				SWIFT_EMIT_LOC_STRINGS = NO;
				SWIFT_VERSION = 5.0;
				TARGETED_DEVICE_FAMILY = "1,2";
				TEST_HOST = "$(BUILT_PRODUCTS_DIR)/Praticando.app/$(BUNDLE_EXECUTABLE_FOLDER_PATH)/Praticando";
			};
			name = Release;
		};
		07B4ED0D2E36CA8E00BE09FB /* Debug */ = {
			isa = XCBuildConfiguration;
			buildSettings = {
				CODE_SIGN_STYLE = Automatic;
				CURRENT_PROJECT_VERSION = 1;
				GENERATE_INFOPLIST_FILE = YES;
				MARKETING_VERSION = 1.0;
				PRODUCT_BUNDLE_IDENTIFIER = EricDenser.PraticandoUITests;
				PRODUCT_NAME = "$(TARGET_NAME)";
				SWIFT_EMIT_LOC_STRINGS = NO;
				SWIFT_VERSION = 5.0;
				TARGETED_DEVICE_FAMILY = "1,2";
				TEST_TARGET_NAME = Praticando;
			};
			name = Debug;
		};
		07B4ED0E2E36CA8E00BE09FB /* Release */ = {
			isa = XCBuildConfiguration;
			buildSettings = {
				CODE_SIGN_STYLE = Automatic;
				CURRENT_PROJECT_VERSION = 1;
				GENERATE_INFOPLIST_FILE = YES;
				MARKETING_VERSION = 1.0;
				PRODUCT_BUNDLE_IDENTIFIER = EricDenser.PraticandoUITests;
				PRODUCT_NAME = "$(TARGET_NAME)";
				SWIFT_EMIT_LOC_STRINGS = NO;
				SWIFT_VERSION = 5.0;
				TARGETED_DEVICE_FAMILY = "1,2";
				TEST_TARGET_NAME = Praticando;
			};
			name = Release;
		};
/* End XCBuildConfiguration section */

/* Begin XCConfigurationList section */
		07B4ECE02E36CA8900BE09FB /* Build configuration list for PBXProject "Praticando" */ = {
			isa = XCConfigurationList;
			buildConfigurations = (
				07B4ED042E36CA8E00BE09FB /* Debug */,
				07B4ED052E36CA8E00BE09FB /* Release */,
			);
			defaultConfigurationIsVisible = 0;
			defaultConfigurationName = Release;
		};
		07B4ED062E36CA8E00BE09FB /* Build configuration list for PBXNativeTarget "Praticando" */ = {
			isa = XCConfigurationList;
			buildConfigurations = (
				07B4ED072E36CA8E00BE09FB /* Debug */,
				07B4ED082E36CA8E00BE09FB /* Release */,
			);
			defaultConfigurationIsVisible = 0;
			defaultConfigurationName = Release;
		};
		07B4ED092E36CA8E00BE09FB /* Build configuration list for PBXNativeTarget "PraticandoTests" */ = {
			isa = XCConfigurationList;
			buildConfigurations = (
				07B4ED0A2E36CA8E00BE09FB /* Debug */,
				07B4ED0B2E36CA8E00BE09FB /* Release */,
			);
			defaultConfigurationIsVisible = 0;
			defaultConfigurationName = Release;
		};
		07B4ED0C2E36CA8E00BE09FB /* Build configuration list for PBXNativeTarget "PraticandoUITests" */ = {
			isa = XCConfigurationList;
			buildConfigurations = (
				07B4ED0D2E36CA8E00BE09FB /* Debug */,
				07B4ED0E2E36CA8E00BE09FB /* Release */,
			);
			defaultConfigurationIsVisible = 0;
			defaultConfigurationName = Release;
		};
/* End XCConfigurationList section */
	};
	rootObject = 07B4ECDD2E36CA8900BE09FB /* Project object */;
}
